
Microsoft Visual Studio Solution File, Format Version 12.00
# Visual Studio Version 17
VisualStudioVersion = 17.14.36401.2 d17.14
MinimumVisualStudioVersion = 10.0.40219.1
Project("{A9E3F50B-275E-4AF7-ADCE-8BE12D41E305}") = "MyM365Agent", "MyM365Agent\MyM365Agent.atkproj", "{DE321D6C-B9C1-A131-8424-7B23EF20A327}"
EndProject
Global
	GlobalSection(SolutionConfigurationPlatforms) = preSolution
		Debug|Any CPU = Debug|Any CPU
		Release|Any CPU = Release|Any CPU
	EndGlobalSection
	GlobalSection(ProjectConfigurationPlatforms) = postSolution
		{DE321D6C-B9C1-A131-8424-7B23EF20A327}.Debug|Any CPU.ActiveCfg = Debug|Any CPU
		{DE321D6C-B9C1-A131-8424-7B23EF20A327}.Debug|Any CPU.Build.0 = Debug|Any CPU
		{DE321D6C-B9C1-A131-8424-7B23EF20A327}.Debug|Any CPU.Deploy.0 = Debug|Any CPU
		{DE321D6C-B9C1-A131-8424-7B23EF20A327}.Release|Any CPU.ActiveCfg = Release|Any CPU
		{DE321D6C-B9C1-A131-8424-7B23EF20A327}.Release|Any CPU.Build.0 = Release|Any CPU
		{DE321D6C-B9C1-A131-8424-7B23EF20A327}.Release|Any CPU.Deploy.0 = Release|Any CPU
	EndGlobalSection
	GlobalSection(SolutionProperties) = preSolution
		HideSolutionNode = FALSE
	EndGlobalSection
	GlobalSection(ExtensibilityGlobals) = postSolution
		SolutionGuid = {9874BCBA-E3BF-4D6D-A293-DBFC7102ABB5}
	EndGlobalSection
EndGlobal
